// !$*UTF8*$!
{
	archiveVersion = 1;
	classes = {
	};
	objectVersion = 48;
	objects = {

/* Begin PBXBuildFile section */
		AA1D7D34207603D800782011 /* VCItem1Table.swift in Sources */ = {isa = PBXBuildFile; fileRef = AA1D7D33207603D800782011 /* VCItem1Table.swift */; };
		AA6F616320737DF20056621C /* VCRegistrar.swift in Sources */ = {isa = PBXBuildFile; fileRef = AA6F616220737DF20056621C /* VCRegistrar.swift */; };
		AA6F616620738C210056621C /* MapKit.framework in Frameworks */ = {isa = PBXBuildFile; fileRef = AA6F616520738C210056621C /* MapKit.framework */; };
		AAB1CCAC2076110200268F24 /* TVCMiCelda1.swift in Sources */ = {isa = PBXBuildFile; fileRef = AAB1CCAB2076110200268F24 /* TVCMiCelda1.swift */; };
		AAF92B3620641CEB00B3863F /* AppDelegate.swift in Sources */ = {isa = PBXBuildFile; fileRef = AAF92B3520641CEB00B3863F /* AppDelegate.swift */; };
		AAF92B3820641CEB00B3863F /* ViewController.swift in Sources */ = {isa = PBXBuildFile; fileRef = AAF92B3720641CEB00B3863F /* ViewController.swift */; };
		AAF92B3B20641CEB00B3863F /* Main.storyboard in Resources */ = {isa = PBXBuildFile; fileRef = AAF92B3920641CEB00B3863F /* Main.storyboard */; };
		AAF92B3D20641CEB00B3863F /* Assets.xcassets in Resources */ = {isa = PBXBuildFile; fileRef = AAF92B3C20641CEB00B3863F /* Assets.xcassets */; };
		AAF92B4020641CEB00B3863F /* LaunchScreen.storyboard in Resources */ = {isa = PBXBuildFile; fileRef = AAF92B3E20641CEB00B3863F /* LaunchScreen.storyboard */; };
		BBCAA1BA8A4497C095A06A93 /* Pods_primerHitoSwift.framework in Frameworks */ = {isa = PBXBuildFile; fileRef = 152315622E325C2B5D69371B /* Pods_primerHitoSwift.framework */; };
/* End PBXBuildFile section */

/* Begin PBXFileReference section */
		152315622E325C2B5D69371B /* Pods_primerHitoSwift.framework */ = {isa = PBXFileReference; explicitFileType = wrapper.framework; includeInIndex = 0; path = Pods_primerHitoSwift.framework; sourceTree = BUILT_PRODUCTS_DIR; };
		576B8EF117DE8ED24246E661 /* Pods-primerHitoSwift.debug.xcconfig */ = {isa = PBXFileReference; includeInIndex = 1; lastKnownFileType = text.xcconfig; name = "Pods-primerHitoSwift.debug.xcconfig"; path = "Pods/Target Support Files/Pods-primerHitoSwift/Pods-primerHitoSwift.debug.xcconfig"; sourceTree = "<group>"; };
		AA1D7D33207603D800782011 /* VCItem1Table.swift */ = {isa = PBXFileReference; lastKnownFileType = sourcecode.swift; path = VCItem1Table.swift; sourceTree = "<group>"; };
		AA6F616220737DF20056621C /* VCRegistrar.swift */ = {isa = PBXFileReference; lastKnownFileType = sourcecode.swift; path = VCRegistrar.swift; sourceTree = "<group>"; };
		AA6F616520738C210056621C /* MapKit.framework */ = {isa = PBXFileReference; lastKnownFileType = wrapper.framework; name = MapKit.framework; path = System/Library/Frameworks/MapKit.framework; sourceTree = SDKROOT; };
		AAB1CCAB2076110200268F24 /* TVCMiCelda1.swift */ = {isa = PBXFileReference; lastKnownFileType = sourcecode.swift; path = TVCMiCelda1.swift; sourceTree = "<group>"; };
		AAF92B3220641CEB00B3863F /* primerHitoSwift.app */ = {isa = PBXFileReference; explicitFileType = wrapper.application; includeInIndex = 0; path = primerHitoSwift.app; sourceTree = BUILT_PRODUCTS_DIR; };
		AAF92B3520641CEB00B3863F /* AppDelegate.swift */ = {isa = PBXFileReference; lastKnownFileType = sourcecode.swift; path = AppDelegate.swift; sourceTree = "<group>"; };
		AAF92B3720641CEB00B3863F /* ViewController.swift */ = {isa = PBXFileReference; lastKnownFileType = sourcecode.swift; path = ViewController.swift; sourceTree = "<group>"; };
		AAF92B3A20641CEB00B3863F /* Base */ = {isa = PBXFileReference; lastKnownFileType = file.storyboard; name = Base; path = Base.lproj/Main.storyboard; sourceTree = "<group>"; };
		AAF92B3C20641CEB00B3863F /* Assets.xcassets */ = {isa = PBXFileReference; lastKnownFileType = folder.assetcatalog; path = Assets.xcassets; sourceTree = "<group>"; };
		AAF92B3F20641CEB00B3863F /* Base */ = {isa = PBXFileReference; lastKnownFileType = file.storyboard; name = Base; path = Base.lproj/LaunchScreen.storyboard; sourceTree = "<group>"; };
		AAF92B4120641CEB00B3863F /* Info.plist */ = {isa = PBXFileReference; lastKnownFileType = text.plist.xml; path = Info.plist; sourceTree = "<group>"; };
		C199756CF4A1D3F1AE40AF2D /* Pods-primerHitoSwift.release.xcconfig */ = {isa = PBXFileReference; includeInIndex = 1; lastKnownFileType = text.xcconfig; name = "Pods-primerHitoSwift.release.xcconfig"; path = "Pods/Target Support Files/Pods-primerHitoSwift/Pods-primerHitoSwift.release.xcconfig"; sourceTree = "<group>"; };
/* End PBXFileReference section */

/* Begin PBXFrameworksBuildPhase section */
		AAF92B2F20641CEB00B3863F /* Frameworks */ = {
			isa = PBXFrameworksBuildPhase;
			buildActionMask = 2147483647;
			files = (
				AA6F616620738C210056621C /* MapKit.framework in Frameworks */,
				BBCAA1BA8A4497C095A06A93 /* Pods_primerHitoSwift.framework in Frameworks */,
			);
			runOnlyForDeploymentPostprocessing = 0;
		};
/* End PBXFrameworksBuildPhase section */

/* Begin PBXGroup section */
		3EDE287A2B780E58D5466990 /* Pods */ = {
			isa = PBXGroup;
			children = (
				576B8EF117DE8ED24246E661 /* Pods-primerHitoSwift.debug.xcconfig */,
				C199756CF4A1D3F1AE40AF2D /* Pods-primerHitoSwift.release.xcconfig */,
			);
			name = Pods;
			sourceTree = "<group>";
		};
		AA6F616420738C210056621C /* Frameworks */ = {
			isa = PBXGroup;
			children = (
				AA6F616520738C210056621C /* MapKit.framework */,
				152315622E325C2B5D69371B /* Pods_primerHitoSwift.framework */,
			);
			name = Frameworks;
			sourceTree = "<group>";
		};
		AAF92B2920641CEB00B3863F = {
			isa = PBXGroup;
			children = (
				AAF92B3420641CEB00B3863F /* primerHitoSwift */,
				AAF92B3320641CEB00B3863F /* Products */,
				AA6F616420738C210056621C /* Frameworks */,
				3EDE287A2B780E58D5466990 /* Pods */,
			);
			sourceTree = "<group>";
		};
		AAF92B3320641CEB00B3863F /* Products */ = {
			isa = PBXGroup;
			children = (
				AAF92B3220641CEB00B3863F /* primerHitoSwift.app */,
			);
			name = Products;
			sourceTree = "<group>";
		};
		AAF92B3420641CEB00B3863F /* primerHitoSwift */ = {
			isa = PBXGroup;
			children = (
				AAF92B3520641CEB00B3863F /* AppDelegate.swift */,
				AAF92B3720641CEB00B3863F /* ViewController.swift */,
				AAF92B3920641CEB00B3863F /* Main.storyboard */,
				AAB1CCAB2076110200268F24 /* TVCMiCelda1.swift */,
				AAF92B3C20641CEB00B3863F /* Assets.xcassets */,
				AAF92B3E20641CEB00B3863F /* LaunchScreen.storyboard */,
				AAF92B4120641CEB00B3863F /* Info.plist */,
				AA6F616220737DF20056621C /* VCRegistrar.swift */,
				AA1D7D33207603D800782011 /* VCItem1Table.swift */,
			);
			path = primerHitoSwift;
			sourceTree = "<group>";
		};
/* End PBXGroup section */

/* Begin PBXNativeTarget section */
		AAF92B3120641CEB00B3863F /* primerHitoSwift */ = {
			isa = PBXNativeTarget;
			buildConfigurationList = AAF92B4420641CEB00B3863F /* Build configuration list for PBXNativeTarget "primerHitoSwift" */;
			buildPhases = (
				3DC5B419B3452B6EB57694EC /* [CP] Check Pods Manifest.lock */,
				AAF92B2E20641CEB00B3863F /* Sources */,
				AAF92B2F20641CEB00B3863F /* Frameworks */,
				AAF92B3020641CEB00B3863F /* Resources */,
				6A2332A6E2A8493AAA7F8421 /* [CP] Embed Pods Frameworks */,
				712E013E2F28F79261BF8837 /* [CP] Copy Pods Resources */,
			);
			buildRules = (
			);
			dependencies = (
			);
			name = primerHitoSwift;
			productName = primerHitoSwift;
			productReference = AAF92B3220641CEB00B3863F /* primerHitoSwift.app */;
			productType = "com.apple.product-type.application";
		};
/* End PBXNativeTarget section */

/* Begin PBXProject section */
		AAF92B2A20641CEB00B3863F /* Project object */ = {
			isa = PBXProject;
			attributes = {
				LastSwiftUpdateCheck = 0920;
				LastUpgradeCheck = 0920;
				ORGANIZATIONNAME = "Alvaro Sanz Rodrigo";
				TargetAttributes = {
					AAF92B3120641CEB00B3863F = {
						CreatedOnToolsVersion = 9.2;
						ProvisioningStyle = Automatic;
						SystemCapabilities = {
							com.apple.Maps.iOS = {
								enabled = 1;
							};
						};
					};
				};
			};
			buildConfigurationList = AAF92B2D20641CEB00B3863F /* Build configuration list for PBXProject "primerHitoSwift" */;
			compatibilityVersion = "Xcode 8.0";
			developmentRegion = en;
			hasScannedForEncodings = 0;
			knownRegions = (
				en,
				Base,
			);
			mainGroup = AAF92B2920641CEB00B3863F;
			productRefGroup = AAF92B3320641CEB00B3863F /* Products */;
			projectDirPath = "";
			projectRoot = "";
			targets = (
				AAF92B3120641CEB00B3863F /* primerHitoSwift */,
			);
		};
/* End PBXProject section */

/* Begin PBXResourcesBuildPhase section */
		AAF92B3020641CEB00B3863F /* Resources */ = {
			isa = PBXResourcesBuildPhase;
			buildActionMask = 2147483647;
			files = (
				AAF92B4020641CEB00B3863F /* LaunchScreen.storyboard in Resources */,
				AAF92B3D20641CEB00B3863F /* Assets.xcassets in Resources */,
				AAF92B3B20641CEB00B3863F /* Main.storyboard in Resources */,
			);
			runOnlyForDeploymentPostprocessing = 0;
		};
/* End PBXResourcesBuildPhase section */

/* Begin PBXShellScriptBuildPhase section */
		3DC5B419B3452B6EB57694EC /* [CP] Check Pods Manifest.lock */ = {
			isa = PBXShellScriptBuildPhase;
			buildActionMask = 2147483647;
			files = (
			);
			inputPaths = (
				"${PODS_PODFILE_DIR_PATH}/Podfile.lock",
				"${PODS_ROOT}/Manifest.lock",
			);
			name = "[CP] Check Pods Manifest.lock";
			outputPaths = (
				"$(DERIVED_FILE_DIR)/Pods-primerHitoSwift-checkManifestLockResult.txt",
			);
			runOnlyForDeploymentPostprocessing = 0;
			shellPath = /bin/sh;
			shellScript = "diff \"${PODS_PODFILE_DIR_PATH}/Podfile.lock\" \"${PODS_ROOT}/Manifest.lock\" > /dev/null\nif [ $? != 0 ] ; then\n    # print error to STDERR\n    echo \"error: The sandbox is not in sync with the Podfile.lock. Run 'pod install' or update your CocoaPods installation.\" >&2\n    exit 1\nfi\n# This output is used by Xcode 'outputs' to avoid re-running this script phase.\necho \"SUCCESS\" > \"${SCRIPT_OUTPUT_FILE_0}\"\n";
			showEnvVarsInLog = 0;
		};
		6A2332A6E2A8493AAA7F8421 /* [CP] Embed Pods Frameworks */ = {
			isa = PBXShellScriptBuildPhase;
			buildActionMask = 2147483647;
			files = (
			);
			inputPaths = (
				"${SRCROOT}/Pods/Target Support Files/Pods-primerHitoSwift/Pods-primerHitoSwift-frameworks.sh",
				"${BUILT_PRODUCTS_DIR}/GoogleToolboxForMac/GoogleToolboxForMac.framework",
				"${BUILT_PRODUCTS_DIR}/nanopb/nanopb.framework",
			);
			name = "[CP] Embed Pods Frameworks";
			outputPaths = (
				"${TARGET_BUILD_DIR}/${FRAMEWORKS_FOLDER_PATH}/GoogleToolboxForMac.framework",
				"${TARGET_BUILD_DIR}/${FRAMEWORKS_FOLDER_PATH}/nanopb.framework",
			);
			runOnlyForDeploymentPostprocessing = 0;
			shellPath = /bin/sh;
			shellScript = "\"${SRCROOT}/Pods/Target Support Files/Pods-primerHitoSwift/Pods-primerHitoSwift-frameworks.sh\"\n";
			showEnvVarsInLog = 0;
		};
		712E013E2F28F79261BF8837 /* [CP] Copy Pods Resources */ = {
			isa = PBXShellScriptBuildPhase;
			buildActionMask = 2147483647;
			files = (
			);
			inputPaths = (
			);
			name = "[CP] Copy Pods Resources";
			outputPaths = (
			);
			runOnlyForDeploymentPostprocessing = 0;
			shellPath = /bin/sh;
			shellScript = "\"${SRCROOT}/Pods/Target Support Files/Pods-primerHitoSwift/Pods-primerHitoSwift-resources.sh\"\n";
			showEnvVarsInLog = 0;
		};
/* End PBXShellScriptBuildPhase section */

/* Begin PBXSourcesBuildPhase section */
		AAF92B2E20641CEB00B3863F /* Sources */ = {
			isa = PBXSourcesBuildPhase;
			buildActionMask = 2147483647;
			files = (
				AAF92B3820641CEB00B3863F /* ViewController.swift in Sources */,
				AAF92B3620641CEB00B3863F /* AppDelegate.swift in Sources */,
				AAB1CCAC2076110200268F24 /* TVCMiCelda1.swift in Sources */,
				AA1D7D34207603D800782011 /* VCItem1Table.swift in Sources */,
				AA6F616320737DF20056621C /* VCRegistrar.swift in Sources */,
			);
			runOnlyForDeploymentPostprocessing = 0;
		};
/* End PBXSourcesBuildPhase section */

/* Begin PBXVariantGroup section */
		AAF92B3920641CEB00B3863F /* Main.storyboard */ = {
			isa = PBXVariantGroup;
			children = (
				AAF92B3A20641CEB00B3863F /* Base */,
			);
			name = Main.storyboard;
			sourceTree = "<group>";
		};
		AAF92B3E20641CEB00B3863F /* LaunchScreen.storyboard */ = {
			isa = PBXVariantGroup;
			children = (
				AAF92B3F20641CEB00B3863F /* Base */,
			);
			name = LaunchScreen.storyboard;
			sourceTree = "<group>";
		};
/* End PBXVariantGroup section */

/* Begin XCBuildConfiguration section */
		AAF92B4220641CEB00B3863F /* Debug */ = {
			isa = XCBuildConfiguration;
			buildSettings = {
				ALWAYS_SEARCH_USER_PATHS = NO;
				CLANG_ANALYZER_NONNULL = YES;
				CLANG_ANALYZER_NUMBER_OBJECT_CONVERSION = YES_AGGRESSIVE;
				CLANG_CXX_LANGUAGE_STANDARD = "gnu++14";
				CLANG_CXX_LIBRARY = "libc++";
				CLANG_ENABLE_MODULES = YES;
				CLANG_ENABLE_OBJC_ARC = YES;
				CLANG_WARN_BLOCK_CAPTURE_AUTORELEASING = YES;
				CLANG_WARN_BOOL_CONVERSION = YES;
				CLANG_WARN_COMMA = YES;
				CLANG_WARN_CONSTANT_CONVERSION = YES;
				CLANG_WARN_DIRECT_OBJC_ISA_USAGE = YES_ERROR;
				CLANG_WARN_DOCUMENTATION_COMMENTS = YES;
				CLANG_WARN_EMPTY_BODY = YES;
				CLANG_WARN_ENUM_CONVERSION = YES;
				CLANG_WARN_INFINITE_RECURSION = YES;
				CLANG_WARN_INT_CONVERSION = YES;
				CLANG_WARN_NON_LITERAL_NULL_CONVERSION = YES;
				CLANG_WARN_OBJC_LITERAL_CONVERSION = YES;
				CLANG_WARN_OBJC_ROOT_CLASS = YES_ERROR;
				CLANG_WARN_RANGE_LOOP_ANALYSIS = YES;
				CLANG_WARN_STRICT_PROTOTYPES = YES;
				CLANG_WARN_SUSPICIOUS_MOVE = YES;
				CLANG_WARN_UNGUARDED_AVAILABILITY = YES_AGGRESSIVE;
				CLANG_WARN_UNREACHABLE_CODE = YES;
				CLANG_WARN__DUPLICATE_METHOD_MATCH = YES;
				CODE_SIGN_IDENTITY = "iPhone Developer";
				COPY_PHASE_STRIP = NO;
				DEBUG_INFORMATION_FORMAT = dwarf;
				ENABLE_STRICT_OBJC_MSGSEND = YES;
				ENABLE_TESTABILITY = YES;
				GCC_C_LANGUAGE_STANDARD = gnu11;
				GCC_DYNAMIC_NO_PIC = NO;
				GCC_NO_COMMON_BLOCKS = YES;
				GCC_OPTIMIZATION_LEVEL = 0;
				GCC_PREPROCESSOR_DEFINITIONS = (
					"DEBUG=1",
					"$(inherited)",
				);
				GCC_WARN_64_TO_32_BIT_CONVERSION = YES;
				GCC_WARN_ABOUT_RETURN_TYPE = YES_ERROR;
				GCC_WARN_UNDECLARED_SELECTOR = YES;
				GCC_WARN_UNINITIALIZED_AUTOS = YES_AGGRESSIVE;
				GCC_WARN_UNUSED_FUNCTION = YES;
				GCC_WARN_UNUSED_VARIABLE = YES;
				IPHONEOS_DEPLOYMENT_TARGET = 11.2;
				MTL_ENABLE_DEBUG_INFO = YES;
				ONLY_ACTIVE_ARCH = YES;
				SDKROOT = iphoneos;
				SWIFT_ACTIVE_COMPILATION_CONDITIONS = DEBUG;
				SWIFT_OPTIMIZATION_LEVEL = "-Onone";
			};
			name = Debug;
		};
		AAF92B4320641CEB00B3863F /* Release */ = {
			isa = XCBuildConfiguration;
			buildSettings = {
				ALWAYS_SEARCH_USER_PATHS = NO;
				CLANG_ANALYZER_NONNULL = YES;
				CLANG_ANALYZER_NUMBER_OBJECT_CONVERSION = YES_AGGRESSIVE;
				CLANG_CXX_LANGUAGE_STANDARD = "gnu++14";
				CLANG_CXX_LIBRARY = "libc++";
				CLANG_ENABLE_MODULES = YES;
				CLANG_ENABLE_OBJC_ARC = YES;
				CLANG_WARN_BLOCK_CAPTURE_AUTORELEASING = YES;
				CLANG_WARN_BOOL_CONVERSION = YES;
				CLANG_WARN_COMMA = YES;
				CLANG_WARN_CONSTANT_CONVERSION = YES;
				CLANG_WARN_DIRECT_OBJC_ISA_USAGE = YES_ERROR;
				CLANG_WARN_DOCUMENTATION_COMMENTS = YES;
				CLANG_WARN_EMPTY_BODY = YES;
				CLANG_WARN_ENUM_CONVERSION = YES;
				CLANG_WARN_INFINITE_RECURSION = YES;
				CLANG_WARN_INT_CONVERSION = YES;
				CLANG_WARN_NON_LITERAL_NULL_CONVERSION = YES;
				CLANG_WARN_OBJC_LITERAL_CONVERSION = YES;
				CLANG_WARN_OBJC_ROOT_CLASS = YES_ERROR;
				CLANG_WARN_RANGE_LOOP_ANALYSIS = YES;
				CLANG_WARN_STRICT_PROTOTYPES = YES;
				CLANG_WARN_SUSPICIOUS_MOVE = YES;
				CLANG_WARN_UNGUARDED_AVAILABILITY = YES_AGGRESSIVE;
				CLANG_WARN_UNREACHABLE_CODE = YES;
				CLANG_WARN__DUPLICATE_METHOD_MATCH = YES;
				CODE_SIGN_IDENTITY = "iPhone Developer";
				COPY_PHASE_STRIP = NO;
				DEBUG_INFORMATION_FORMAT = "dwarf-with-dsym";
				ENABLE_NS_ASSERTIONS = NO;
				ENABLE_STRICT_OBJC_MSGSEND = YES;
				GCC_C_LANGUAGE_STANDARD = gnu11;
				GCC_NO_COMMON_BLOCKS = YES;
				GCC_WARN_64_TO_32_BIT_CONVERSION = YES;
				GCC_WARN_ABOUT_RETURN_TYPE = YES_ERROR;
				GCC_WARN_UNDECLARED_SELECTOR = YES;
				GCC_WARN_UNINITIALIZED_AUTOS = YES_AGGRESSIVE;
				GCC_WARN_UNUSED_FUNCTION = YES;
				GCC_WARN_UNUSED_VARIABLE = YES;
				IPHONEOS_DEPLOYMENT_TARGET = 11.2;
				MTL_ENABLE_DEBUG_INFO = NO;
				SDKROOT = iphoneos;
				SWIFT_OPTIMIZATION_LEVEL = "-Owholemodule";
				VALIDATE_PRODUCT = YES;
			};
			name = Release;
		};
		AAF92B4520641CEB00B3863F /* Debug */ = {
			isa = XCBuildConfiguration;
			baseConfigurationReference = 576B8EF117DE8ED24246E661 /* Pods-primerHitoSwift.debug.xcconfig */;
			buildSettings = {
				ASSETCATALOG_COMPILER_APPICON_NAME = AppIcon;
				CODE_SIGN_STYLE = Automatic;
				DEVELOPMENT_TEAM = 86CZ52Y2CQ;
				INFOPLIST_FILE = primerHitoSwift/Info.plist;
				LD_RUNPATH_SEARCH_PATHS = "$(inherited) @executable_path/Frameworks";
				PRODUCT_BUNDLE_IDENTIFIER = com.Sanzcorp.primerHitoSwift;
				PRODUCT_NAME = "$(TARGET_NAME)";
				SWIFT_VERSION = 4.0;
				TARGETED_DEVICE_FAMILY = "1,2";
			};
			name = Debug;
		};
		AAF92B4620641CEB00B3863F /* Release */ = {
			isa = XCBuildConfiguration;
			baseConfigurationReference = C199756CF4A1D3F1AE40AF2D /* Pods-primerHitoSwift.release.xcconfig */;
			buildSettings = {
				ASSETCATALOG_COMPILER_APPICON_NAME = AppIcon;
				CODE_SIGN_STYLE = Automatic;
				DEVELOPMENT_TEAM = 86CZ52Y2CQ;
				INFOPLIST_FILE = primerHitoSwift/Info.plist;
				LD_RUNPATH_SEARCH_PATHS = "$(inherited) @executable_path/Frameworks";
				PRODUCT_BUNDLE_IDENTIFIER = com.Sanzcorp.primerHitoSwift;
				PRODUCT_NAME = "$(TARGET_NAME)";
				SWIFT_VERSION = 4.0;
				TARGETED_DEVICE_FAMILY = "1,2";
			};
			name = Release;
		};
/* End XCBuildConfiguration section */

/* Begin XCConfigurationList section */
		AAF92B2D20641CEB00B3863F /* Build configuration list for PBXProject "primerHitoSwift" */ = {
			isa = XCConfigurationList;
			buildConfigurations = (
				AAF92B4220641CEB00B3863F /* Debug */,
				AAF92B4320641CEB00B3863F /* Release */,
			);
			defaultConfigurationIsVisible = 0;
			defaultConfigurationName = Release;
		};
		AAF92B4420641CEB00B3863F /* Build configuration list for PBXNativeTarget "primerHitoSwift" */ = {
			isa = XCConfigurationList;
			buildConfigurations = (
				AAF92B4520641CEB00B3863F /* Debug */,
				AAF92B4620641CEB00B3863F /* Release */,
			);
			defaultConfigurationIsVisible = 0;
			defaultConfigurationName = Release;
		};
/* End XCConfigurationList section */
	};
	rootObject = AAF92B2A20641CEB00B3863F /* Project object */;
}
